// !$*UTF8*$!
{
	archiveVersion = 1;
	classes = {
	};
	objectVersion = 50;
	objects = {

/* Begin PBXBuildFile section */
		7F77F97321EFB58D00B6FEB8 /* AppDelegate.swift in Sources */ = {isa = PBXBuildFile; fileRef = 7F77F97221EFB58D00B6FEB8 /* AppDelegate.swift */; };
		7F77F97521EFB58D00B6FEB8 /* ViewController.swift in Sources */ = {isa = PBXBuildFile; fileRef = 7F77F97421EFB58D00B6FEB8 /* ViewController.swift */; };
		7F77F97821EFB58D00B6FEB8 /* Main.storyboard in Resources */ = {isa = PBXBuildFile; fileRef = 7F77F97621EFB58D00B6FEB8 /* Main.storyboard */; };
		7F77F97A21EFB58F00B6FEB8 /* Assets.xcassets in Resources */ = {isa = PBXBuildFile; fileRef = 7F77F97921EFB58F00B6FEB8 /* Assets.xcassets */; };
		7F77F97D21EFB58F00B6FEB8 /* LaunchScreen.storyboard in Resources */ = {isa = PBXBuildFile; fileRef = 7F77F97B21EFB58F00B6FEB8 /* LaunchScreen.storyboard */; };
		7F77F98821EFB58F00B6FEB8 /* UITableViewWithClickTests.swift in Sources */ = {isa = PBXBuildFile; fileRef = 7F77F98721EFB58F00B6FEB8 /* UITableViewWithClickTests.swift */; };
		7F77F99321EFB58F00B6FEB8 /* UITableViewWithClickUITests.swift in Sources */ = {isa = PBXBuildFile; fileRef = 7F77F99221EFB58F00B6FEB8 /* UITableViewWithClickUITests.swift */; };
		7FF967B421F246EA007D6FF5 /* CustomTableViewCell.swift in Sources */ = {isa = PBXBuildFile; fileRef = 7FF967B321F246EA007D6FF5 /* CustomTableViewCell.swift */; };
		7FF967B621F24912007D6FF5 /* Products.swift in Sources */ = {isa = PBXBuildFile; fileRef = 7FF967B521F24912007D6FF5 /* Products.swift */; };
		7FF967B821F24A31007D6FF5 /* Product.swift in Sources */ = {isa = PBXBuildFile; fileRef = 7FF967B721F24A31007D6FF5 /* Product.swift */; };
		7FF967BB21F24EDB007D6FF5 /* ProductDetailController.swift in Sources */ = {isa = PBXBuildFile; fileRef = 7FF967BA21F24EDB007D6FF5 /* ProductDetailController.swift */; };
/* End PBXBuildFile section */

/* Begin PBXContainerItemProxy section */
		7F77F98421EFB58F00B6FEB8 /* PBXContainerItemProxy */ = {
			isa = PBXContainerItemProxy;
			containerPortal = 7F77F96721EFB58D00B6FEB8 /* Project object */;
			proxyType = 1;
			remoteGlobalIDString = 7F77F96E21EFB58D00B6FEB8;
			remoteInfo = UITableViewWithClick;
		};
		7F77F98F21EFB58F00B6FEB8 /* PBXContainerItemProxy */ = {
			isa = PBXContainerItemProxy;
			containerPortal = 7F77F96721EFB58D00B6FEB8 /* Project object */;
			proxyType = 1;
			remoteGlobalIDString = 7F77F96E21EFB58D00B6FEB8;
			remoteInfo = UITableViewWithClick;
		};
/* End PBXContainerItemProxy section */

/* Begin PBXFileReference section */
		7F77F96F21EFB58D00B6FEB8 /* UITableViewWithClick.app */ = {isa = PBXFileReference; explicitFileType = wrapper.application; includeInIndex = 0; path = UITableViewWithClick.app; sourceTree = BUILT_PRODUCTS_DIR; };
		7F77F97221EFB58D00B6FEB8 /* AppDelegate.swift */ = {isa = PBXFileReference; lastKnownFileType = sourcecode.swift; path = AppDelegate.swift; sourceTree = "<group>"; };
		7F77F97421EFB58D00B6FEB8 /* ViewController.swift */ = {isa = PBXFileReference; lastKnownFileType = sourcecode.swift; path = ViewController.swift; sourceTree = "<group>"; };
		7F77F97721EFB58D00B6FEB8 /* Base */ = {isa = PBXFileReference; lastKnownFileType = file.storyboard; name = Base; path = Base.lproj/Main.storyboard; sourceTree = "<group>"; };
		7F77F97921EFB58F00B6FEB8 /* Assets.xcassets */ = {isa = PBXFileReference; lastKnownFileType = folder.assetcatalog; path = Assets.xcassets; sourceTree = "<group>"; };
		7F77F97C21EFB58F00B6FEB8 /* Base */ = {isa = PBXFileReference; lastKnownFileType = file.storyboard; name = Base; path = Base.lproj/LaunchScreen.storyboard; sourceTree = "<group>"; };
		7F77F97E21EFB58F00B6FEB8 /* Info.plist */ = {isa = PBXFileReference; lastKnownFileType = text.plist.xml; path = Info.plist; sourceTree = "<group>"; };
		7F77F98321EFB58F00B6FEB8 /* UITableViewWithClickTests.xctest */ = {isa = PBXFileReference; explicitFileType = wrapper.cfbundle; includeInIndex = 0; path = UITableViewWithClickTests.xctest; sourceTree = BUILT_PRODUCTS_DIR; };
		7F77F98721EFB58F00B6FEB8 /* UITableViewWithClickTests.swift */ = {isa = PBXFileReference; lastKnownFileType = sourcecode.swift; path = UITableViewWithClickTests.swift; sourceTree = "<group>"; };
		7F77F98921EFB58F00B6FEB8 /* Info.plist */ = {isa = PBXFileReference; lastKnownFileType = text.plist.xml; path = Info.plist; sourceTree = "<group>"; };
		7F77F98E21EFB58F00B6FEB8 /* UITableViewWithClickUITests.xctest */ = {isa = PBXFileReference; explicitFileType = wrapper.cfbundle; includeInIndex = 0; path = UITableViewWithClickUITests.xctest; sourceTree = BUILT_PRODUCTS_DIR; };
		7F77F99221EFB58F00B6FEB8 /* UITableViewWithClickUITests.swift */ = {isa = PBXFileReference; lastKnownFileType = sourcecode.swift; path = UITableViewWithClickUITests.swift; sourceTree = "<group>"; };
		7F77F99421EFB58F00B6FEB8 /* Info.plist */ = {isa = PBXFileReference; lastKnownFileType = text.plist.xml; path = Info.plist; sourceTree = "<group>"; };
		7FF967B321F246EA007D6FF5 /* CustomTableViewCell.swift */ = {isa = PBXFileReference; lastKnownFileType = sourcecode.swift; path = CustomTableViewCell.swift; sourceTree = "<group>"; };
		7FF967B521F24912007D6FF5 /* Products.swift */ = {isa = PBXFileReference; lastKnownFileType = sourcecode.swift; path = Products.swift; sourceTree = "<group>"; };
		7FF967B721F24A31007D6FF5 /* Product.swift */ = {isa = PBXFileReference; lastKnownFileType = sourcecode.swift; path = Product.swift; sourceTree = "<group>"; };
		7FF967BA21F24EDB007D6FF5 /* ProductDetailController.swift */ = {isa = PBXFileReference; lastKnownFileType = sourcecode.swift; path = ProductDetailController.swift; sourceTree = "<group>"; };
/* End PBXFileReference section */

/* Begin PBXFrameworksBuildPhase section */
		7F77F96C21EFB58D00B6FEB8 /* Frameworks */ = {
			isa = PBXFrameworksBuildPhase;
			buildActionMask = 2147483647;
			files = (
			);
			runOnlyForDeploymentPostprocessing = 0;
		};
		7F77F98021EFB58F00B6FEB8 /* Frameworks */ = {
			isa = PBXFrameworksBuildPhase;
			buildActionMask = 2147483647;
			files = (
			);
			runOnlyForDeploymentPostprocessing = 0;
		};
		7F77F98B21EFB58F00B6FEB8 /* Frameworks */ = {
			isa = PBXFrameworksBuildPhase;
			buildActionMask = 2147483647;
			files = (
			);
			runOnlyForDeploymentPostprocessing = 0;
		};
/* End PBXFrameworksBuildPhase section */

/* Begin PBXGroup section */
		7F77F96621EFB58D00B6FEB8 = {
			isa = PBXGroup;
			children = (
				7F77F97121EFB58D00B6FEB8 /* UITableViewWithClick */,
				7F77F98621EFB58F00B6FEB8 /* UITableViewWithClickTests */,
				7F77F99121EFB58F00B6FEB8 /* UITableViewWithClickUITests */,
				7F77F97021EFB58D00B6FEB8 /* Products */,
			);
			sourceTree = "<group>";
		};
		7F77F97021EFB58D00B6FEB8 /* Products */ = {
			isa = PBXGroup;
			children = (
				7F77F96F21EFB58D00B6FEB8 /* UITableViewWithClick.app */,
				7F77F98321EFB58F00B6FEB8 /* UITableViewWithClickTests.xctest */,
				7F77F98E21EFB58F00B6FEB8 /* UITableViewWithClickUITests.xctest */,
			);
			name = Products;
			sourceTree = "<group>";
		};
		7F77F97121EFB58D00B6FEB8 /* UITableViewWithClick */ = {
			isa = PBXGroup;
			children = (
				7FF967B921F24A40007D6FF5 /* Product */,
				7F77F97221EFB58D00B6FEB8 /* AppDelegate.swift */,
				7F77F97421EFB58D00B6FEB8 /* ViewController.swift */,
				7F77F97621EFB58D00B6FEB8 /* Main.storyboard */,
				7F77F97921EFB58F00B6FEB8 /* Assets.xcassets */,
				7F77F97B21EFB58F00B6FEB8 /* LaunchScreen.storyboard */,
				7F77F97E21EFB58F00B6FEB8 /* Info.plist */,
				7FF967B321F246EA007D6FF5 /* CustomTableViewCell.swift */,
				7FF967B521F24912007D6FF5 /* Products.swift */,
				7FF967BA21F24EDB007D6FF5 /* ProductDetailController.swift */,
			);
			path = UITableViewWithClick;
			sourceTree = "<group>";
		};
		7F77F98621EFB58F00B6FEB8 /* UITableViewWithClickTests */ = {
			isa = PBXGroup;
			children = (
				7F77F98721EFB58F00B6FEB8 /* UITableViewWithClickTests.swift */,
				7F77F98921EFB58F00B6FEB8 /* Info.plist */,
			);
			path = UITableViewWithClickTests;
			sourceTree = "<group>";
		};
		7F77F99121EFB58F00B6FEB8 /* UITableViewWithClickUITests */ = {
			isa = PBXGroup;
			children = (
				7F77F99221EFB58F00B6FEB8 /* UITableViewWithClickUITests.swift */,
				7F77F99421EFB58F00B6FEB8 /* Info.plist */,
			);
			path = UITableViewWithClickUITests;
			sourceTree = "<group>";
		};
		7FF967B921F24A40007D6FF5 /* Product */ = {
			isa = PBXGroup;
			children = (
				7FF967B721F24A31007D6FF5 /* Product.swift */,
			);
			path = Product;
			sourceTree = "<group>";
		};
/* End PBXGroup section */

/* Begin PBXNativeTarget section */
		7F77F96E21EFB58D00B6FEB8 /* UITableViewWithClick */ = {
			isa = PBXNativeTarget;
			buildConfigurationList = 7F77F99721EFB58F00B6FEB8 /* Build configuration list for PBXNativeTarget "UITableViewWithClick" */;
			buildPhases = (
				7F77F96B21EFB58D00B6FEB8 /* Sources */,
				7F77F96C21EFB58D00B6FEB8 /* Frameworks */,
				7F77F96D21EFB58D00B6FEB8 /* Resources */,
			);
			buildRules = (
			);
			dependencies = (
			);
			name = UITableViewWithClick;
			productName = UITableViewWithClick;
			productReference = 7F77F96F21EFB58D00B6FEB8 /* UITableViewWithClick.app */;
			productType = "com.apple.product-type.application";
		};
		7F77F98221EFB58F00B6FEB8 /* UITableViewWithClickTests */ = {
			isa = PBXNativeTarget;
			buildConfigurationList = 7F77F99A21EFB58F00B6FEB8 /* Build configuration list for PBXNativeTarget "UITableViewWithClickTests" */;
			buildPhases = (
				7F77F97F21EFB58F00B6FEB8 /* Sources */,
				7F77F98021EFB58F00B6FEB8 /* Frameworks */,
				7F77F98121EFB58F00B6FEB8 /* Resources */,
			);
			buildRules = (
			);
			dependencies = (
				7F77F98521EFB58F00B6FEB8 /* PBXTargetDependency */,
			);
			name = UITableViewWithClickTests;
			productName = UITableViewWithClickTests;
			productReference = 7F77F98321EFB58F00B6FEB8 /* UITableViewWithClickTests.xctest */;
			productType = "com.apple.product-type.bundle.unit-test";
		};
		7F77F98D21EFB58F00B6FEB8 /* UITableViewWithClickUITests */ = {
			isa = PBXNativeTarget;
			buildConfigurationList = 7F77F99D21EFB58F00B6FEB8 /* Build configuration list for PBXNativeTarget "UITableViewWithClickUITests" */;
			buildPhases = (
				7F77F98A21EFB58F00B6FEB8 /* Sources */,
				7F77F98B21EFB58F00B6FEB8 /* Frameworks */,
				7F77F98C21EFB58F00B6FEB8 /* Resources */,
			);
			buildRules = (
			);
			dependencies = (
				7F77F99021EFB58F00B6FEB8 /* PBXTargetDependency */,
			);
			name = UITableViewWithClickUITests;
			productName = UITableViewWithClickUITests;
			productReference = 7F77F98E21EFB58F00B6FEB8 /* UITableViewWithClickUITests.xctest */;
			productType = "com.apple.product-type.bundle.ui-testing";
		};
/* End PBXNativeTarget section */

/* Begin PBXProject section */
		7F77F96721EFB58D00B6FEB8 /* Project object */ = {
			isa = PBXProject;
			attributes = {
				LastSwiftUpdateCheck = 1010;
				LastUpgradeCheck = 1010;
				ORGANIZATIONNAME = "Alex Cuevas";
				TargetAttributes = {
					7F77F96E21EFB58D00B6FEB8 = {
						CreatedOnToolsVersion = 10.1;
					};
					7F77F98221EFB58F00B6FEB8 = {
						CreatedOnToolsVersion = 10.1;
						TestTargetID = 7F77F96E21EFB58D00B6FEB8;
					};
					7F77F98D21EFB58F00B6FEB8 = {
						CreatedOnToolsVersion = 10.1;
						TestTargetID = 7F77F96E21EFB58D00B6FEB8;
					};
				};
			};
			buildConfigurationList = 7F77F96A21EFB58D00B6FEB8 /* Build configuration list for PBXProject "UITableViewWithClick" */;
			compatibilityVersion = "Xcode 9.3";
			developmentRegion = en;
			hasScannedForEncodings = 0;
			knownRegions = (
				en,
				Base,
			);
			mainGroup = 7F77F96621EFB58D00B6FEB8;
			productRefGroup = 7F77F97021EFB58D00B6FEB8 /* Products */;
			projectDirPath = "";
			projectRoot = "";
			targets = (
				7F77F96E21EFB58D00B6FEB8 /* UITableViewWithClick */,
				7F77F98221EFB58F00B6FEB8 /* UITableViewWithClickTests */,
				7F77F98D21EFB58F00B6FEB8 /* UITableViewWithClickUITests */,
			);
		};
/* End PBXProject section */

/* Begin PBXResourcesBuildPhase section */
		7F77F96D21EFB58D00B6FEB8 /* Resources */ = {
			isa = PBXResourcesBuildPhase;
			buildActionMask = 2147483647;
			files = (
				7F77F97D21EFB58F00B6FEB8 /* LaunchScreen.storyboard in Resources */,
				7F77F97A21EFB58F00B6FEB8 /* Assets.xcassets in Resources */,
				7F77F97821EFB58D00B6FEB8 /* Main.storyboard in Resources */,
			);
			runOnlyForDeploymentPostprocessing = 0;
		};
		7F77F98121EFB58F00B6FEB8 /* Resources */ = {
			isa = PBXResourcesBuildPhase;
			buildActionMask = 2147483647;
			files = (
			);
			runOnlyForDeploymentPostprocessing = 0;
		};
		7F77F98C21EFB58F00B6FEB8 /* Resources */ = {
			isa = PBXResourcesBuildPhase;
			buildActionMask = 2147483647;
			files = (
			);
			runOnlyForDeploymentPostprocessing = 0;
		};
/* End PBXResourcesBuildPhase section */

/* Begin PBXSourcesBuildPhase section */
		7F77F96B21EFB58D00B6FEB8 /* Sources */ = {
			isa = PBXSourcesBuildPhase;
			buildActionMask = 2147483647;
			files = (
				7FF967B421F246EA007D6FF5 /* CustomTableViewCell.swift in Sources */,
				7FF967B621F24912007D6FF5 /* Products.swift in Sources */,
				7FF967B821F24A31007D6FF5 /* Product.swift in Sources */,
				7F77F97521EFB58D00B6FEB8 /* ViewController.swift in Sources */,
				7FF967BB21F24EDB007D6FF5 /* ProductDetailController.swift in Sources */,
				7F77F97321EFB58D00B6FEB8 /* AppDelegate.swift in Sources */,
			);
			runOnlyForDeploymentPostprocessing = 0;
		};
		7F77F97F21EFB58F00B6FEB8 /* Sources */ = {
			isa = PBXSourcesBuildPhase;
			buildActionMask = 2147483647;
			files = (
				7F77F98821EFB58F00B6FEB8 /* UITableViewWithClickTests.swift in Sources */,
			);
			runOnlyForDeploymentPostprocessing = 0;
		};
		7F77F98A21EFB58F00B6FEB8 /* Sources */ = {
			isa = PBXSourcesBuildPhase;
			buildActionMask = 2147483647;
			files = (
				7F77F99321EFB58F00B6FEB8 /* UITableViewWithClickUITests.swift in Sources */,
			);
			runOnlyForDeploymentPostprocessing = 0;
		};
/* End PBXSourcesBuildPhase section */

/* Begin PBXTargetDependency section */
		7F77F98521EFB58F00B6FEB8 /* PBXTargetDependency */ = {
			isa = PBXTargetDependency;
			target = 7F77F96E21EFB58D00B6FEB8 /* UITableViewWithClick */;
			targetProxy = 7F77F98421EFB58F00B6FEB8 /* PBXContainerItemProxy */;
		};
		7F77F99021EFB58F00B6FEB8 /* PBXTargetDependency */ = {
			isa = PBXTargetDependency;
			target = 7F77F96E21EFB58D00B6FEB8 /* UITableViewWithClick */;
			targetProxy = 7F77F98F21EFB58F00B6FEB8 /* PBXContainerItemProxy */;
		};
/* End PBXTargetDependency section */

/* Begin PBXVariantGroup section */
		7F77F97621EFB58D00B6FEB8 /* Main.storyboard */ = {
			isa = PBXVariantGroup;
			children = (
				7F77F97721EFB58D00B6FEB8 /* Base */,
			);
			name = Main.storyboard;
			sourceTree = "<group>";
		};
		7F77F97B21EFB58F00B6FEB8 /* LaunchScreen.storyboard */ = {
			isa = PBXVariantGroup;
			children = (
				7F77F97C21EFB58F00B6FEB8 /* Base */,
			);
			name = LaunchScreen.storyboard;
			sourceTree = "<group>";
		};
/* End PBXVariantGroup section */

/* Begin XCBuildConfiguration section */
		7F77F99521EFB58F00B6FEB8 /* Debug */ = {
			isa = XCBuildConfiguration;
			buildSettings = {
				ALWAYS_SEARCH_USER_PATHS = NO;
				CLANG_ANALYZER_NONNULL = YES;
				CLANG_ANALYZER_NUMBER_OBJECT_CONVERSION = YES_AGGRESSIVE;
				CLANG_CXX_LANGUAGE_STANDARD = "gnu++14";
				CLANG_CXX_LIBRARY = "libc++";
				CLANG_ENABLE_MODULES = YES;
				CLANG_ENABLE_OBJC_ARC = YES;
				CLANG_ENABLE_OBJC_WEAK = YES;
				CLANG_WARN_BLOCK_CAPTURE_AUTORELEASING = YES;
				CLANG_WARN_BOOL_CONVERSION = YES;
				CLANG_WARN_COMMA = YES;
				CLANG_WARN_CONSTANT_CONVERSION = YES;
				CLANG_WARN_DEPRECATED_OBJC_IMPLEMENTATIONS = YES;
				CLANG_WARN_DIRECT_OBJC_ISA_USAGE = YES_ERROR;
				CLANG_WARN_DOCUMENTATION_COMMENTS = YES;
				CLANG_WARN_EMPTY_BODY = YES;
				CLANG_WARN_ENUM_CONVERSION = YES;
				CLANG_WARN_INFINITE_RECURSION = YES;
				CLANG_WARN_INT_CONVERSION = YES;
				CLANG_WARN_NON_LITERAL_NULL_CONVERSION = YES;
				CLANG_WARN_OBJC_IMPLICIT_RETAIN_SELF = YES;
				CLANG_WARN_OBJC_LITERAL_CONVERSION = YES;
				CLANG_WARN_OBJC_ROOT_CLASS = YES_ERROR;
				CLANG_WARN_RANGE_LOOP_ANALYSIS = YES;
				CLANG_WARN_STRICT_PROTOTYPES = YES;
				CLANG_WARN_SUSPICIOUS_MOVE = YES;
				CLANG_WARN_UNGUARDED_AVAILABILITY = YES_AGGRESSIVE;
				CLANG_WARN_UNREACHABLE_CODE = YES;
				CLANG_WARN__DUPLICATE_METHOD_MATCH = YES;
				CODE_SIGN_IDENTITY = "iPhone Developer";
				COPY_PHASE_STRIP = NO;
				DEBUG_INFORMATION_FORMAT = dwarf;
				ENABLE_STRICT_OBJC_MSGSEND = YES;
				ENABLE_TESTABILITY = YES;
				GCC_C_LANGUAGE_STANDARD = gnu11;
				GCC_DYNAMIC_NO_PIC = NO;
				GCC_NO_COMMON_BLOCKS = YES;
				GCC_OPTIMIZATION_LEVEL = 0;
				GCC_PREPROCESSOR_DEFINITIONS = (
					"DEBUG=1",
					"$(inherited)",
				);
				GCC_WARN_64_TO_32_BIT_CONVERSION = YES;
				GCC_WARN_ABOUT_RETURN_TYPE = YES_ERROR;
				GCC_WARN_UNDECLARED_SELECTOR = YES;
				GCC_WARN_UNINITIALIZED_AUTOS = YES_AGGRESSIVE;
				GCC_WARN_UNUSED_FUNCTION = YES;
				GCC_WARN_UNUSED_VARIABLE = YES;
				IPHONEOS_DEPLOYMENT_TARGET = 12.1;
				MTL_ENABLE_DEBUG_INFO = INCLUDE_SOURCE;
				MTL_FAST_MATH = YES;
				ONLY_ACTIVE_ARCH = YES;
				SDKROOT = iphoneos;
				SWIFT_ACTIVE_COMPILATION_CONDITIONS = DEBUG;
				SWIFT_OPTIMIZATION_LEVEL = "-Onone";
			};
			name = Debug;
		};
		7F77F99621EFB58F00B6FEB8 /* Release */ = {
			isa = XCBuildConfiguration;
			buildSettings = {
				ALWAYS_SEARCH_USER_PATHS = NO;
				CLANG_ANALYZER_NONNULL = YES;
				CLANG_ANALYZER_NUMBER_OBJECT_CONVERSION = YES_AGGRESSIVE;
				CLANG_CXX_LANGUAGE_STANDARD = "gnu++14";
				CLANG_CXX_LIBRARY = "libc++";
				CLANG_ENABLE_MODULES = YES;
				CLANG_ENABLE_OBJC_ARC = YES;
				CLANG_ENABLE_OBJC_WEAK = YES;
				CLANG_WARN_BLOCK_CAPTURE_AUTORELEASING = YES;
				CLANG_WARN_BOOL_CONVERSION = YES;
				CLANG_WARN_COMMA = YES;
				CLANG_WARN_CONSTANT_CONVERSION = YES;
				CLANG_WARN_DEPRECATED_OBJC_IMPLEMENTATIONS = YES;
				CLANG_WARN_DIRECT_OBJC_ISA_USAGE = YES_ERROR;
				CLANG_WARN_DOCUMENTATION_COMMENTS = YES;
				CLANG_WARN_EMPTY_BODY = YES;
				CLANG_WARN_ENUM_CONVERSION = YES;
				CLANG_WARN_INFINITE_RECURSION = YES;
				CLANG_WARN_INT_CONVERSION = YES;
				CLANG_WARN_NON_LITERAL_NULL_CONVERSION = YES;
				CLANG_WARN_OBJC_IMPLICIT_RETAIN_SELF = YES;
				CLANG_WARN_OBJC_LITERAL_CONVERSION = YES;
				CLANG_WARN_OBJC_ROOT_CLASS = YES_ERROR;
				CLANG_WARN_RANGE_LOOP_ANALYSIS = YES;
				CLANG_WARN_STRICT_PROTOTYPES = YES;
				CLANG_WARN_SUSPICIOUS_MOVE = YES;
				CLANG_WARN_UNGUARDED_AVAILABILITY = YES_AGGRESSIVE;
				CLANG_WARN_UNREACHABLE_CODE = YES;
				CLANG_WARN__DUPLICATE_METHOD_MATCH = YES;
				CODE_SIGN_IDENTITY = "iPhone Developer";
				COPY_PHASE_STRIP = NO;
				DEBUG_INFORMATION_FORMAT = "dwarf-with-dsym";
				ENABLE_NS_ASSERTIONS = NO;
				ENABLE_STRICT_OBJC_MSGSEND = YES;
				GCC_C_LANGUAGE_STANDARD = gnu11;
				GCC_NO_COMMON_BLOCKS = YES;
				GCC_WARN_64_TO_32_BIT_CONVERSION = YES;
				GCC_WARN_ABOUT_RETURN_TYPE = YES_ERROR;
				GCC_WARN_UNDECLARED_SELECTOR = YES;
				GCC_WARN_UNINITIALIZED_AUTOS = YES_AGGRESSIVE;
				GCC_WARN_UNUSED_FUNCTION = YES;
				GCC_WARN_UNUSED_VARIABLE = YES;
				IPHONEOS_DEPLOYMENT_TARGET = 12.1;
				MTL_ENABLE_DEBUG_INFO = NO;
				MTL_FAST_MATH = YES;
				SDKROOT = iphoneos;
				SWIFT_COMPILATION_MODE = wholemodule;
				SWIFT_OPTIMIZATION_LEVEL = "-O";
				VALIDATE_PRODUCT = YES;
			};
			name = Release;
		};
		7F77F99821EFB58F00B6FEB8 /* Debug */ = {
			isa = XCBuildConfiguration;
			buildSettings = {
				ASSETCATALOG_COMPILER_APPICON_NAME = AppIcon;
				CODE_SIGN_STYLE = Automatic;
				INFOPLIST_FILE = UITableViewWithClick/Info.plist;
				LD_RUNPATH_SEARCH_PATHS = (
					"$(inherited)",
					"@executable_path/Frameworks",
				);
				PRODUCT_BUNDLE_IDENTIFIER = alx.UITableViewWithClick;
				PRODUCT_NAME = "$(TARGET_NAME)";
				SWIFT_VERSION = 4.2;
				TARGETED_DEVICE_FAMILY = "1,2";
			};
			name = Debug;
		};
		7F77F99921EFB58F00B6FEB8 /* Release */ = {
			isa = XCBuildConfiguration;
			buildSettings = {
				ASSETCATALOG_COMPILER_APPICON_NAME = AppIcon;
				CODE_SIGN_STYLE = Automatic;
				INFOPLIST_FILE = UITableViewWithClick/Info.plist;
				LD_RUNPATH_SEARCH_PATHS = (
					"$(inherited)",
					"@executable_path/Frameworks",
				);
				PRODUCT_BUNDLE_IDENTIFIER = alx.UITableViewWithClick;
				PRODUCT_NAME = "$(TARGET_NAME)";
				SWIFT_VERSION = 4.2;
				TARGETED_DEVICE_FAMILY = "1,2";
			};
			name = Release;
		};
		7F77F99B21EFB58F00B6FEB8 /* Debug */ = {
			isa = XCBuildConfiguration;
			buildSettings = {
				ALWAYS_EMBED_SWIFT_STANDARD_LIBRARIES = YES;
				BUNDLE_LOADER = "$(TEST_HOST)";
				CODE_SIGN_STYLE = Automatic;
				INFOPLIST_FILE = UITableViewWithClickTests/Info.plist;
				LD_RUNPATH_SEARCH_PATHS = (
					"$(inherited)",
					"@executable_path/Frameworks",
					"@loader_path/Frameworks",
				);
				PRODUCT_BUNDLE_IDENTIFIER = alx.UITableViewWithClickTests;
				PRODUCT_NAME = "$(TARGET_NAME)";
				SWIFT_VERSION = 4.2;
				TARGETED_DEVICE_FAMILY = "1,2";
				TEST_HOST = "$(BUILT_PRODUCTS_DIR)/UITableViewWithClick.app/UITableViewWithClick";
			};
			name = Debug;
		};
		7F77F99C21EFB58F00B6FEB8 /* Release */ = {
			isa = XCBuildConfiguration;
			buildSettings = {
				ALWAYS_EMBED_SWIFT_STANDARD_LIBRARIES = YES;
				BUNDLE_LOADER = "$(TEST_HOST)";
				CODE_SIGN_STYLE = Automatic;
				INFOPLIST_FILE = UITableViewWithClickTests/Info.plist;
				LD_RUNPATH_SEARCH_PATHS = (
					"$(inherited)",
					"@executable_path/Frameworks",
					"@loader_path/Frameworks",
				);
				PRODUCT_BUNDLE_IDENTIFIER = alx.UITableViewWithClickTests;
				PRODUCT_NAME = "$(TARGET_NAME)";
				SWIFT_VERSION = 4.2;
				TARGETED_DEVICE_FAMILY = "1,2";
				TEST_HOST = "$(BUILT_PRODUCTS_DIR)/UITableViewWithClick.app/UITableViewWithClick";
			};
			name = Release;
		};
		7F77F99E21EFB58F00B6FEB8 /* Debug */ = {
			isa = XCBuildConfiguration;
			buildSettings = {
				ALWAYS_EMBED_SWIFT_STANDARD_LIBRARIES = YES;
				CODE_SIGN_STYLE = Automatic;
				INFOPLIST_FILE = UITableViewWithClickUITests/Info.plist;
				LD_RUNPATH_SEARCH_PATHS = (
					"$(inherited)",
					"@executable_path/Frameworks",
					"@loader_path/Frameworks",
				);
				PRODUCT_BUNDLE_IDENTIFIER = alx.UITableViewWithClickUITests;
				PRODUCT_NAME = "$(TARGET_NAME)";
				SWIFT_VERSION = 4.2;
				TARGETED_DEVICE_FAMILY = "1,2";
				TEST_TARGET_NAME = UITableViewWithClick;
			};
			name = Debug;
		};
		7F77F99F21EFB58F00B6FEB8 /* Release */ = {
			isa = XCBuildConfiguration;
			buildSettings = {
				ALWAYS_EMBED_SWIFT_STANDARD_LIBRARIES = YES;
				CODE_SIGN_STYLE = Automatic;
				INFOPLIST_FILE = UITableViewWithClickUITests/Info.plist;
				LD_RUNPATH_SEARCH_PATHS = (
					"$(inherited)",
					"@executable_path/Frameworks",
					"@loader_path/Frameworks",
				);
				PRODUCT_BUNDLE_IDENTIFIER = alx.UITableViewWithClickUITests;
				PRODUCT_NAME = "$(TARGET_NAME)";
				SWIFT_VERSION = 4.2;
				TARGETED_DEVICE_FAMILY = "1,2";
				TEST_TARGET_NAME = UITableViewWithClick;
			};
			name = Release;
		};
/* End XCBuildConfiguration section */

/* Begin XCConfigurationList section */
		7F77F96A21EFB58D00B6FEB8 /* Build configuration list for PBXProject "UITableViewWithClick" */ = {
			isa = XCConfigurationList;
			buildConfigurations = (
				7F77F99521EFB58F00B6FEB8 /* Debug */,
				7F77F99621EFB58F00B6FEB8 /* Release */,
			);
			defaultConfigurationIsVisible = 0;
			defaultConfigurationName = Release;
		};
		7F77F99721EFB58F00B6FEB8 /* Build configuration list for PBXNativeTarget "UITableViewWithClick" */ = {
			isa = XCConfigurationList;
			buildConfigurations = (
				7F77F99821EFB58F00B6FEB8 /* Debug */,
				7F77F99921EFB58F00B6FEB8 /* Release */,
			);
			defaultConfigurationIsVisible = 0;
			defaultConfigurationName = Release;
		};
		7F77F99A21EFB58F00B6FEB8 /* Build configuration list for PBXNativeTarget "UITableViewWithClickTests" */ = {
			isa = XCConfigurationList;
			buildConfigurations = (
				7F77F99B21EFB58F00B6FEB8 /* Debug */,
				7F77F99C21EFB58F00B6FEB8 /* Release */,
			);
			defaultConfigurationIsVisible = 0;
			defaultConfigurationName = Release;
		};
		7F77F99D21EFB58F00B6FEB8 /* Build configuration list for PBXNativeTarget "UITableViewWithClickUITests" */ = {
			isa = XCConfigurationList;
			buildConfigurations = (
				7F77F99E21EFB58F00B6FEB8 /* Debug */,
				7F77F99F21EFB58F00B6FEB8 /* Release */,
			);
			defaultConfigurationIsVisible = 0;
			defaultConfigurationName = Release;
		};
/* End XCConfigurationList section */
	};
	rootObject = 7F77F96721EFB58D00B6FEB8 /* Project object */;
}
